// !$*UTF8*$!
{
	archiveVersion = 1;
	classes = {
	};
	objectVersion = 50;
	objects = {

/* Begin PBXBuildFile section */
		C134024523B7D98B00C94FF8 /* AppDelegate.m in Sources */ = {isa = PBXBuildFile; fileRef = C134024423B7D98B00C94FF8 /* AppDelegate.m */; };
		C134024823B7D98B00C94FF8 /* SceneDelegate.m in Sources */ = {isa = PBXBuildFile; fileRef = C134024723B7D98B00C94FF8 /* SceneDelegate.m */; };
		C134024B23B7D98B00C94FF8 /* ContactsViewController.m in Sources */ = {isa = PBXBuildFile; fileRef = C134024A23B7D98B00C94FF8 /* ContactsViewController.m */; };
		C134024E23B7D98B00C94FF8 /* Main.storyboard in Resources */ = {isa = PBXBuildFile; fileRef = C134024C23B7D98B00C94FF8 /* Main.storyboard */; };
		C134025023B7D98D00C94FF8 /* Assets.xcassets in Resources */ = {isa = PBXBuildFile; fileRef = C134024F23B7D98D00C94FF8 /* Assets.xcassets */; };
		C134025323B7D98D00C94FF8 /* LaunchScreen.storyboard in Resources */ = {isa = PBXBuildFile; fileRef = C134025123B7D98D00C94FF8 /* LaunchScreen.storyboard */; };
		C134025623B7D98D00C94FF8 /* main.m in Sources */ = {isa = PBXBuildFile; fileRef = C134025523B7D98D00C94FF8 /* main.m */; };
		C134025E23B7E6E000C94FF8 /* Contact.swift in Sources */ = {isa = PBXBuildFile; fileRef = C134025D23B7E6E000C94FF8 /* Contact.swift */; };
		C134026023B7EB0100C94FF8 /* NewContactViewController.swift in Sources */ = {isa = PBXBuildFile; fileRef = C134025F23B7EB0100C94FF8 /* NewContactViewController.swift */; };
		C134026323B7FFFF00C94FF8 /* ImageFactory.m in Sources */ = {isa = PBXBuildFile; fileRef = C134026223B7FFFF00C94FF8 /* ImageFactory.m */; };
/* End PBXBuildFile section */

/* Begin PBXFileReference section */
		C134024023B7D98B00C94FF8 /* Contacts.app */ = {isa = PBXFileReference; explicitFileType = wrapper.application; includeInIndex = 0; path = Contacts.app; sourceTree = BUILT_PRODUCTS_DIR; };
		C134024323B7D98B00C94FF8 /* AppDelegate.h */ = {isa = PBXFileReference; lastKnownFileType = sourcecode.c.h; path = AppDelegate.h; sourceTree = "<group>"; };
		C134024423B7D98B00C94FF8 /* AppDelegate.m */ = {isa = PBXFileReference; lastKnownFileType = sourcecode.c.objc; path = AppDelegate.m; sourceTree = "<group>"; };
		C134024623B7D98B00C94FF8 /* SceneDelegate.h */ = {isa = PBXFileReference; lastKnownFileType = sourcecode.c.h; path = SceneDelegate.h; sourceTree = "<group>"; };
		C134024723B7D98B00C94FF8 /* SceneDelegate.m */ = {isa = PBXFileReference; lastKnownFileType = sourcecode.c.objc; path = SceneDelegate.m; sourceTree = "<group>"; };
		C134024923B7D98B00C94FF8 /* ContactsViewController.h */ = {isa = PBXFileReference; lastKnownFileType = sourcecode.c.h; path = ContactsViewController.h; sourceTree = "<group>"; };
		C134024A23B7D98B00C94FF8 /* ContactsViewController.m */ = {isa = PBXFileReference; lastKnownFileType = sourcecode.c.objc; path = ContactsViewController.m; sourceTree = "<group>"; };
		C134024D23B7D98B00C94FF8 /* Base */ = {isa = PBXFileReference; lastKnownFileType = file.storyboard; name = Base; path = Base.lproj/Main.storyboard; sourceTree = "<group>"; };
		C134024F23B7D98D00C94FF8 /* Assets.xcassets */ = {isa = PBXFileReference; lastKnownFileType = folder.assetcatalog; path = Assets.xcassets; sourceTree = "<group>"; };
		C134025223B7D98D00C94FF8 /* Base */ = {isa = PBXFileReference; lastKnownFileType = file.storyboard; name = Base; path = Base.lproj/LaunchScreen.storyboard; sourceTree = "<group>"; };
		C134025423B7D98D00C94FF8 /* Info.plist */ = {isa = PBXFileReference; lastKnownFileType = text.plist.xml; path = Info.plist; sourceTree = "<group>"; };
		C134025523B7D98D00C94FF8 /* main.m */ = {isa = PBXFileReference; lastKnownFileType = sourcecode.c.objc; path = main.m; sourceTree = "<group>"; };
		C134025C23B7E6E000C94FF8 /* Contacts-Bridging-Header.h */ = {isa = PBXFileReference; lastKnownFileType = sourcecode.c.h; path = "Contacts-Bridging-Header.h"; sourceTree = "<group>"; };
		C134025D23B7E6E000C94FF8 /* Contact.swift */ = {isa = PBXFileReference; lastKnownFileType = sourcecode.swift; path = Contact.swift; sourceTree = "<group>"; };
		C134025F23B7EB0100C94FF8 /* NewContactViewController.swift */ = {isa = PBXFileReference; lastKnownFileType = sourcecode.swift; path = NewContactViewController.swift; sourceTree = "<group>"; };
		C134026123B7FFFF00C94FF8 /* ImageFactory.h */ = {isa = PBXFileReference; lastKnownFileType = sourcecode.c.h; path = ImageFactory.h; sourceTree = "<group>"; };
		C134026223B7FFFF00C94FF8 /* ImageFactory.m */ = {isa = PBXFileReference; lastKnownFileType = sourcecode.c.objc; path = ImageFactory.m; sourceTree = "<group>"; };
/* End PBXFileReference section */

/* Begin PBXFrameworksBuildPhase section */
		C134023D23B7D98B00C94FF8 /* Frameworks */ = {
			isa = PBXFrameworksBuildPhase;
			buildActionMask = 2147483647;
			files = (
			);
			runOnlyForDeploymentPostprocessing = 0;
		};
/* End PBXFrameworksBuildPhase section */

/* Begin PBXGroup section */
		C134023723B7D98B00C94FF8 = {
			isa = PBXGroup;
			children = (
				C134024223B7D98B00C94FF8 /* Contacts */,
				C134024123B7D98B00C94FF8 /* Products */,
				C134025C23B7E6E000C94FF8 /* Contacts-Bridging-Header.h */,
			);
			sourceTree = "<group>";
		};
		C134024123B7D98B00C94FF8 /* Products */ = {
			isa = PBXGroup;
			children = (
				C134024023B7D98B00C94FF8 /* Contacts.app */,
			);
			name = Products;
			sourceTree = "<group>";
		};
		C134024223B7D98B00C94FF8 /* Contacts */ = {
			isa = PBXGroup;
			children = (
				C134025D23B7E6E000C94FF8 /* Contact.swift */,
				C134024323B7D98B00C94FF8 /* AppDelegate.h */,
				C134024423B7D98B00C94FF8 /* AppDelegate.m */,
				C134024623B7D98B00C94FF8 /* SceneDelegate.h */,
				C134024723B7D98B00C94FF8 /* SceneDelegate.m */,
				C134024923B7D98B00C94FF8 /* ContactsViewController.h */,
				C134024A23B7D98B00C94FF8 /* ContactsViewController.m */,
				C134025F23B7EB0100C94FF8 /* NewContactViewController.swift */,
				C134024C23B7D98B00C94FF8 /* Main.storyboard */,
				C134026123B7FFFF00C94FF8 /* ImageFactory.h */,
				C134026223B7FFFF00C94FF8 /* ImageFactory.m */,
				C134024F23B7D98D00C94FF8 /* Assets.xcassets */,
				C134025123B7D98D00C94FF8 /* LaunchScreen.storyboard */,
				C134025423B7D98D00C94FF8 /* Info.plist */,
				C134025523B7D98D00C94FF8 /* main.m */,
			);
			path = Contacts;
			sourceTree = "<group>";
		};
/* End PBXGroup section */

/* Begin PBXNativeTarget section */
		C134023F23B7D98B00C94FF8 /* Contacts */ = {
			isa = PBXNativeTarget;
			buildConfigurationList = C134025923B7D98D00C94FF8 /* Build configuration list for PBXNativeTarget "Contacts" */;
			buildPhases = (
				C134023C23B7D98B00C94FF8 /* Sources */,
				C134023D23B7D98B00C94FF8 /* Frameworks */,
				C134023E23B7D98B00C94FF8 /* Resources */,
			);
			buildRules = (
			);
			dependencies = (
			);
			name = Contacts;
			productName = Contacts;
			productReference = C134024023B7D98B00C94FF8 /* Contacts.app */;
			productType = "com.apple.product-type.application";
		};
/* End PBXNativeTarget section */

/* Begin PBXProject section */
		C134023823B7D98B00C94FF8 /* Project object */ = {
			isa = PBXProject;
			attributes = {
				LastUpgradeCheck = 1130;
				ORGANIZATIONNAME = "Big Nerd Ranch";
				TargetAttributes = {
					C134023F23B7D98B00C94FF8 = {
						CreatedOnToolsVersion = 11.3;
						LastSwiftMigration = 1130;
					};
				};
			};
			buildConfigurationList = C134023B23B7D98B00C94FF8 /* Build configuration list for PBXProject "Contacts" */;
			compatibilityVersion = "Xcode 9.3";
			developmentRegion = en;
			hasScannedForEncodings = 0;
			knownRegions = (
				en,
				Base,
			);
			mainGroup = C134023723B7D98B00C94FF8;
			productRefGroup = C134024123B7D98B00C94FF8 /* Products */;
			projectDirPath = "";
			projectRoot = "";
			targets = (
				C134023F23B7D98B00C94FF8 /* Contacts */,
			);
		};
/* End PBXProject section */

/* Begin PBXResourcesBuildPhase section */
		C134023E23B7D98B00C94FF8 /* Resources */ = {
			isa = PBXResourcesBuildPhase;
			buildActionMask = 2147483647;
			files = (
				C134025323B7D98D00C94FF8 /* LaunchScreen.storyboard in Resources */,
				C134025023B7D98D00C94FF8 /* Assets.xcassets in Resources */,
				C134024E23B7D98B00C94FF8 /* Main.storyboard in Resources */,
			);
			runOnlyForDeploymentPostprocessing = 0;
		};
/* End PBXResourcesBuildPhase section */

/* Begin PBXSourcesBuildPhase section */
		C134023C23B7D98B00C94FF8 /* Sources */ = {
			isa = PBXSourcesBuildPhase;
			buildActionMask = 2147483647;
			files = (
				C134026323B7FFFF00C94FF8 /* ImageFactory.m in Sources */,
				C134024B23B7D98B00C94FF8 /* ContactsViewController.m in Sources */,
				C134024523B7D98B00C94FF8 /* AppDelegate.m in Sources */,
				C134025E23B7E6E000C94FF8 /* Contact.swift in Sources */,
				C134025623B7D98D00C94FF8 /* main.m in Sources */,
				C134026023B7EB0100C94FF8 /* NewContactViewController.swift in Sources */,
				C134024823B7D98B00C94FF8 /* SceneDelegate.m in Sources */,
			);
			runOnlyForDeploymentPostprocessing = 0;
		};
/* End PBXSourcesBuildPhase section */

/* Begin PBXVariantGroup section */
		C134024C23B7D98B00C94FF8 /* Main.storyboard */ = {
			isa = PBXVariantGroup;
			children = (
				C134024D23B7D98B00C94FF8 /* Base */,
			);
			name = Main.storyboard;
			sourceTree = "<group>";
		};
		C134025123B7D98D00C94FF8 /* LaunchScreen.storyboard */ = {
			isa = PBXVariantGroup;
			children = (
				C134025223B7D98D00C94FF8 /* Base */,
			);
			name = LaunchScreen.storyboard;
			sourceTree = "<group>";
		};
/* End PBXVariantGroup section */

/* Begin XCBuildConfiguration section */
		C134025723B7D98D00C94FF8 /* Debug */ = {
			isa = XCBuildConfiguration;
			buildSettings = {
				ALWAYS_SEARCH_USER_PATHS = NO;
				CLANG_ANALYZER_NONNULL = YES;
				CLANG_ANALYZER_NUMBER_OBJECT_CONVERSION = YES_AGGRESSIVE;
				CLANG_CXX_LANGUAGE_STANDARD = "gnu++14";
				CLANG_CXX_LIBRARY = "libc++";
				CLANG_ENABLE_MODULES = YES;
				CLANG_ENABLE_OBJC_ARC = YES;
				CLANG_ENABLE_OBJC_WEAK = YES;
				CLANG_WARN_BLOCK_CAPTURE_AUTORELEASING = YES;
				CLANG_WARN_BOOL_CONVERSION = YES;
				CLANG_WARN_COMMA = YES;
				CLANG_WARN_CONSTANT_CONVERSION = YES;
				CLANG_WARN_DEPRECATED_OBJC_IMPLEMENTATIONS = YES;
				CLANG_WARN_DIRECT_OBJC_ISA_USAGE = YES_ERROR;
				CLANG_WARN_DOCUMENTATION_COMMENTS = YES;
				CLANG_WARN_EMPTY_BODY = YES;
				CLANG_WARN_ENUM_CONVERSION = YES;
				CLANG_WARN_INFINITE_RECURSION = YES;
				CLANG_WARN_INT_CONVERSION = YES;
				CLANG_WARN_NON_LITERAL_NULL_CONVERSION = YES;
				CLANG_WARN_OBJC_IMPLICIT_RETAIN_SELF = YES;
				CLANG_WARN_OBJC_LITERAL_CONVERSION = YES;
				CLANG_WARN_OBJC_ROOT_CLASS = YES_ERROR;
				CLANG_WARN_RANGE_LOOP_ANALYSIS = YES;
				CLANG_WARN_STRICT_PROTOTYPES = YES;
				CLANG_WARN_SUSPICIOUS_MOVE = YES;
				CLANG_WARN_UNGUARDED_AVAILABILITY = YES_AGGRESSIVE;
				CLANG_WARN_UNREACHABLE_CODE = YES;
				CLANG_WARN__DUPLICATE_METHOD_MATCH = YES;
				COPY_PHASE_STRIP = NO;
				DEBUG_INFORMATION_FORMAT = dwarf;
				ENABLE_STRICT_OBJC_MSGSEND = YES;
				ENABLE_TESTABILITY = YES;
				GCC_C_LANGUAGE_STANDARD = gnu11;
				GCC_DYNAMIC_NO_PIC = NO;
				GCC_NO_COMMON_BLOCKS = YES;
				GCC_OPTIMIZATION_LEVEL = 0;
				GCC_PREPROCESSOR_DEFINITIONS = (
					"DEBUG=1",
					"$(inherited)",
				);
				GCC_WARN_64_TO_32_BIT_CONVERSION = YES;
				GCC_WARN_ABOUT_RETURN_TYPE = YES_ERROR;
				GCC_WARN_UNDECLARED_SELECTOR = YES;
				GCC_WARN_UNINITIALIZED_AUTOS = YES_AGGRESSIVE;
				GCC_WARN_UNUSED_FUNCTION = YES;
				GCC_WARN_UNUSED_VARIABLE = YES;
				IPHONEOS_DEPLOYMENT_TARGET = 13.2;
				MTL_ENABLE_DEBUG_INFO = INCLUDE_SOURCE;
				MTL_FAST_MATH = YES;
				ONLY_ACTIVE_ARCH = YES;
				SDKROOT = iphoneos;
			};
			name = Debug;
		};
		C134025823B7D98D00C94FF8 /* Release */ = {
			isa = XCBuildConfiguration;
			buildSettings = {
				ALWAYS_SEARCH_USER_PATHS = NO;
				CLANG_ANALYZER_NONNULL = YES;
				CLANG_ANALYZER_NUMBER_OBJECT_CONVERSION = YES_AGGRESSIVE;
				CLANG_CXX_LANGUAGE_STANDARD = "gnu++14";
				CLANG_CXX_LIBRARY = "libc++";
				CLANG_ENABLE_MODULES = YES;
				CLANG_ENABLE_OBJC_ARC = YES;
				CLANG_ENABLE_OBJC_WEAK = YES;
				CLANG_WARN_BLOCK_CAPTURE_AUTORELEASING = YES;
				CLANG_WARN_BOOL_CONVERSION = YES;
				CLANG_WARN_COMMA = YES;
				CLANG_WARN_CONSTANT_CONVERSION = YES;
				CLANG_WARN_DEPRECATED_OBJC_IMPLEMENTATIONS = YES;
				CLANG_WARN_DIRECT_OBJC_ISA_USAGE = YES_ERROR;
				CLANG_WARN_DOCUMENTATION_COMMENTS = YES;
				CLANG_WARN_EMPTY_BODY = YES;
				CLANG_WARN_ENUM_CONVERSION = YES;
				CLANG_WARN_INFINITE_RECURSION = YES;
				CLANG_WARN_INT_CONVERSION = YES;
				CLANG_WARN_NON_LITERAL_NULL_CONVERSION = YES;
				CLANG_WARN_OBJC_IMPLICIT_RETAIN_SELF = YES;
				CLANG_WARN_OBJC_LITERAL_CONVERSION = YES;
				CLANG_WARN_OBJC_ROOT_CLASS = YES_ERROR;
				CLANG_WARN_RANGE_LOOP_ANALYSIS = YES;
				CLANG_WARN_STRICT_PROTOTYPES = YES;
				CLANG_WARN_SUSPICIOUS_MOVE = YES;
				CLANG_WARN_UNGUARDED_AVAILABILITY = YES_AGGRESSIVE;
				CLANG_WARN_UNREACHABLE_CODE = YES;
				CLANG_WARN__DUPLICATE_METHOD_MATCH = YES;
				COPY_PHASE_STRIP = NO;
				DEBUG_INFORMATION_FORMAT = "dwarf-with-dsym";
				ENABLE_NS_ASSERTIONS = NO;
				ENABLE_STRICT_OBJC_MSGSEND = YES;
				GCC_C_LANGUAGE_STANDARD = gnu11;
				GCC_NO_COMMON_BLOCKS = YES;
				GCC_WARN_64_TO_32_BIT_CONVERSION = YES;
				GCC_WARN_ABOUT_RETURN_TYPE = YES_ERROR;
				GCC_WARN_UNDECLARED_SELECTOR = YES;
				GCC_WARN_UNINITIALIZED_AUTOS = YES_AGGRESSIVE;
				GCC_WARN_UNUSED_FUNCTION = YES;
				GCC_WARN_UNUSED_VARIABLE = YES;
				IPHONEOS_DEPLOYMENT_TARGET = 13.2;
				MTL_ENABLE_DEBUG_INFO = NO;
				MTL_FAST_MATH = YES;
				SDKROOT = iphoneos;
				VALIDATE_PRODUCT = YES;
			};
			name = Release;
		};
		C134025A23B7D98D00C94FF8 /* Debug */ = {
			isa = XCBuildConfiguration;
			buildSettings = {
				ASSETCATALOG_COMPILER_APPICON_NAME = AppIcon;
				CLANG_ENABLE_MODULES = YES;
				CODE_SIGN_STYLE = Automatic;
				INFOPLIST_FILE = Contacts/Info.plist;
				LD_RUNPATH_SEARCH_PATHS = (
					"$(inherited)",
					"@executable_path/Frameworks",
				);
				PRODUCT_BUNDLE_IDENTIFIER = com.bignerdranch.Contacts;
				PRODUCT_NAME = "$(TARGET_NAME)";
				SWIFT_OBJC_BRIDGING_HEADER = "Contacts-Bridging-Header.h";
				SWIFT_OPTIMIZATION_LEVEL = "-Onone";
				SWIFT_VERSION = 5.0;
				TARGETED_DEVICE_FAMILY = "1,2";
			};
			name = Debug;
		};
		C134025B23B7D98D00C94FF8 /* Release */ = {
			isa = XCBuildConfiguration;
			buildSettings = {
				ASSETCATALOG_COMPILER_APPICON_NAME = AppIcon;
				CLANG_ENABLE_MODULES = YES;
				CODE_SIGN_STYLE = Automatic;
				INFOPLIST_FILE = Contacts/Info.plist;
				LD_RUNPATH_SEARCH_PATHS = (
					"$(inherited)",
					"@executable_path/Frameworks",
				);
				PRODUCT_BUNDLE_IDENTIFIER = com.bignerdranch.Contacts;
				PRODUCT_NAME = "$(TARGET_NAME)";
				SWIFT_OBJC_BRIDGING_HEADER = "Contacts-Bridging-Header.h";
				SWIFT_VERSION = 5.0;
				TARGETED_DEVICE_FAMILY = "1,2";
			};
			name = Release;
		};
/* End XCBuildConfiguration section */

/* Begin XCConfigurationList section */
		C134023B23B7D98B00C94FF8 /* Build configuration list for PBXProject "Contacts" */ = {
			isa = XCConfigurationList;
			buildConfigurations = (
				C134025723B7D98D00C94FF8 /* Debug */,
				C134025823B7D98D00C94FF8 /* Release */,
			);
			defaultConfigurationIsVisible = 0;
			defaultConfigurationName = Release;
		};
		C134025923B7D98D00C94FF8 /* Build configuration list for PBXNativeTarget "Contacts" */ = {
			isa = XCConfigurationList;
			buildConfigurations = (
				C134025A23B7D98D00C94FF8 /* Debug */,
				C134025B23B7D98D00C94FF8 /* Release */,
			);
			defaultConfigurationIsVisible = 0;
			defaultConfigurationName = Release;
		};
/* End XCConfigurationList section */
	};
	rootObject = C134023823B7D98B00C94FF8 /* Project object */;
}
